
Microsoft Visual Studio Solution File, Format Version 12.00
# Visual Studio Version 16
VisualStudioVersion = 16.0.30128.74
MinimumVisualStudioVersion = 10.0.40219.1
Project("{FAE04EC0-301F-11D3-BF4B-00C04F79EFBC}") = "BlazorWASMDemo", "BlazorWASMDemo\BlazorWASMDemo.csproj", "{208BD831-9821-400C-9C30-A9BDD5E5AEE2}"
EndProject
Global
	GlobalSection(SolutionConfigurationPlatforms) = preSolution
		Debug|Any CPU = Debug|Any CPU
		Release|Any CPU = Release|Any CPU
	EndGlobalSection
	GlobalSection(ProjectConfigurationPlatforms) = postSolution
		{208BD831-9821-400C-9C30-A9BDD5E5AEE2}.Debug|Any CPU.ActiveCfg = Debug|Any CPU
		{208BD831-9821-400C-9C30-A9BDD5E5AEE2}.Debug|Any CPU.Build.0 = Debug|Any CPU
		{208BD831-9821-400C-9C30-A9BDD5E5AEE2}.Release|Any CPU.ActiveCfg = Release|Any CPU
		{208BD831-9821-400C-9C30-A9BDD5E5AEE2}.Release|Any CPU.Build.0 = Release|Any CPU
	EndGlobalSection
	GlobalSection(SolutionProperties) = preSolution
		HideSolutionNode = FALSE
	EndGlobalSection
	GlobalSection(ExtensibilityGlobals) = postSolution
		SolutionGuid = {4FF721D9-5018-49D4-AA7D-944BF58FEEEC}
	EndGlobalSection
EndGlobal
